// !$*UTF8*$!
{
	archiveVersion = 1;
	classes = {
	};
	objectVersion = 46;
	objects = {

/* Begin PBXBuildFile section */
		98BB165D1CC9035C00079DAB /* AppDelegate.swift in Sources */ = {isa = PBXBuildFile; fileRef = 98BB165C1CC9035C00079DAB /* AppDelegate.swift */; };
		98BB165F1CC9035C00079DAB /* ViewController.swift in Sources */ = {isa = PBXBuildFile; fileRef = 98BB165E1CC9035C00079DAB /* ViewController.swift */; };
		98BB16621CC9035C00079DAB /* Main.storyboard in Resources */ = {isa = PBXBuildFile; fileRef = 98BB16601CC9035C00079DAB /* Main.storyboard */; };
		98BB16641CC9035C00079DAB /* Assets.xcassets in Resources */ = {isa = PBXBuildFile; fileRef = 98BB16631CC9035C00079DAB /* Assets.xcassets */; };
		98BB16671CC9035C00079DAB /* LaunchScreen.storyboard in Resources */ = {isa = PBXBuildFile; fileRef = 98BB16651CC9035C00079DAB /* LaunchScreen.storyboard */; };
		98BB16731CC9075400079DAB /* ResultViewController.swift in Sources */ = {isa = PBXBuildFile; fileRef = 98BB16721CC9075400079DAB /* ResultViewController.swift */; };
/* End PBXBuildFile section */

/* Begin PBXFileReference section */
		98BB16591CC9035C00079DAB /* SecondKadaiApp.app */ = {isa = PBXFileReference; explicitFileType = wrapper.application; includeInIndex = 0; path = SecondKadaiApp.app; sourceTree = BUILT_PRODUCTS_DIR; };
		98BB165C1CC9035C00079DAB /* AppDelegate.swift */ = {isa = PBXFileReference; lastKnownFileType = sourcecode.swift; path = AppDelegate.swift; sourceTree = "<group>"; };
		98BB165E1CC9035C00079DAB /* ViewController.swift */ = {isa = PBXFileReference; lastKnownFileType = sourcecode.swift; path = ViewController.swift; sourceTree = "<group>"; };
		98BB16611CC9035C00079DAB /* Base */ = {isa = PBXFileReference; lastKnownFileType = file.storyboard; name = Base; path = Base.lproj/Main.storyboard; sourceTree = "<group>"; };
		98BB16631CC9035C00079DAB /* Assets.xcassets */ = {isa = PBXFileReference; lastKnownFileType = folder.assetcatalog; path = Assets.xcassets; sourceTree = "<group>"; };
		98BB16661CC9035C00079DAB /* Base */ = {isa = PBXFileReference; lastKnownFileType = file.storyboard; name = Base; path = Base.lproj/LaunchScreen.storyboard; sourceTree = "<group>"; };
		98BB16681CC9035C00079DAB /* Info.plist */ = {isa = PBXFileReference; lastKnownFileType = text.plist.xml; path = Info.plist; sourceTree = "<group>"; };
		98BB16721CC9075400079DAB /* ResultViewController.swift */ = {isa = PBXFileReference; fileEncoding = 4; lastKnownFileType = sourcecode.swift; path = ResultViewController.swift; sourceTree = "<group>"; };
/* End PBXFileReference section */

/* Begin PBXFrameworksBuildPhase section */
		98BB16561CC9035C00079DAB /* Frameworks */ = {
			isa = PBXFrameworksBuildPhase;
			buildActionMask = 2147483647;
			files = (
			);
			runOnlyForDeploymentPostprocessing = 0;
		};
/* End PBXFrameworksBuildPhase section */

/* Begin PBXGroup section */
		98BB16501CC9035C00079DAB = {
			isa = PBXGroup;
			children = (
				98BB165B1CC9035C00079DAB /* SecondKadaiApp */,
				98BB165A1CC9035C00079DAB /* Products */,
			);
			sourceTree = "<group>";
		};
		98BB165A1CC9035C00079DAB /* Products */ = {
			isa = PBXGroup;
			children = (
				98BB16591CC9035C00079DAB /* SecondKadaiApp.app */,
			);
			name = Products;
			sourceTree = "<group>";
		};
		98BB165B1CC9035C00079DAB /* SecondKadaiApp */ = {
			isa = PBXGroup;
			children = (
				98BB165C1CC9035C00079DAB /* AppDelegate.swift */,
				98BB165E1CC9035C00079DAB /* ViewController.swift */,
				98BB16601CC9035C00079DAB /* Main.storyboard */,
				98BB16721CC9075400079DAB /* ResultViewController.swift */,
				98BB16631CC9035C00079DAB /* Assets.xcassets */,
				98BB16651CC9035C00079DAB /* LaunchScreen.storyboard */,
				98BB16681CC9035C00079DAB /* Info.plist */,
			);
			path = SecondKadaiApp;
			sourceTree = "<group>";
		};
/* End PBXGroup section */

/* Begin PBXNativeTarget section */
		98BB16581CC9035C00079DAB /* SecondKadaiApp */ = {
			isa = PBXNativeTarget;
			buildConfigurationList = 98BB166B1CC9035C00079DAB /* Build configuration list for PBXNativeTarget "SecondKadaiApp" */;
			buildPhases = (
				98BB16551CC9035C00079DAB /* Sources */,
				98BB16561CC9035C00079DAB /* Frameworks */,
				98BB16571CC9035C00079DAB /* Resources */,
			);
			buildRules = (
			);
			dependencies = (
			);
			name = SecondKadaiApp;
			productName = SecondKadaiApp;
			productReference = 98BB16591CC9035C00079DAB /* SecondKadaiApp.app */;
			productType = "com.apple.product-type.application";
		};
/* End PBXNativeTarget section */

/* Begin PBXProject section */
		98BB16511CC9035C00079DAB /* Project object */ = {
			isa = PBXProject;
			attributes = {
				LastSwiftUpdateCheck = 0720;
				LastUpgradeCheck = 0720;
				ORGANIZATIONNAME = tomoko.kozawa;
				TargetAttributes = {
					98BB16581CC9035C00079DAB = {
						CreatedOnToolsVersion = 7.2;
						DevelopmentTeam = KE4F5BXNMJ;
					};
				};
			};
			buildConfigurationList = 98BB16541CC9035C00079DAB /* Build configuration list for PBXProject "SecondKadaiApp" */;
			compatibilityVersion = "Xcode 3.2";
			developmentRegion = English;
			hasScannedForEncodings = 0;
			knownRegions = (
				en,
				Base,
			);
			mainGroup = 98BB16501CC9035C00079DAB;
			productRefGroup = 98BB165A1CC9035C00079DAB /* Products */;
			projectDirPath = "";
			projectRoot = "";
			targets = (
				98BB16581CC9035C00079DAB /* SecondKadaiApp */,
			);
		};
/* End PBXProject section */

/* Begin PBXResourcesBuildPhase section */
		98BB16571CC9035C00079DAB /* Resources */ = {
			isa = PBXResourcesBuildPhase;
			buildActionMask = 2147483647;
			files = (
				98BB16671CC9035C00079DAB /* LaunchScreen.storyboard in Resources */,
				98BB16641CC9035C00079DAB /* Assets.xcassets in Resources */,
				98BB16621CC9035C00079DAB /* Main.storyboard in Resources */,
			);
			runOnlyForDeploymentPostprocessing = 0;
		};
/* End PBXResourcesBuildPhase section */

/* Begin PBXSourcesBuildPhase section */
		98BB16551CC9035C00079DAB /* Sources */ = {
			isa = PBXSourcesBuildPhase;
			buildActionMask = 2147483647;
			files = (
				98BB165F1CC9035C00079DAB /* ViewController.swift in Sources */,
				98BB165D1CC9035C00079DAB /* AppDelegate.swift in Sources */,
				98BB16731CC9075400079DAB /* ResultViewController.swift in Sources */,
			);
			runOnlyForDeploymentPostprocessing = 0;
		};
/* End PBXSourcesBuildPhase section */

/* Begin PBXVariantGroup section */
		98BB16601CC9035C00079DAB /* Main.storyboard */ = {
			isa = PBXVariantGroup;
			children = (
				98BB16611CC9035C00079DAB /* Base */,
			);
			name = Main.storyboard;
			sourceTree = "<group>";
		};
		98BB16651CC9035C00079DAB /* LaunchScreen.storyboard */ = {
			isa = PBXVariantGroup;
			children = (
				98BB16661CC9035C00079DAB /* Base */,
			);
			name = LaunchScreen.storyboard;
			sourceTree = "<group>";
		};
/* End PBXVariantGroup section */

/* Begin XCBuildConfiguration section */
		98BB16691CC9035C00079DAB /* Debug */ = {
			isa = XCBuildConfiguration;
			buildSettings = {
				ALWAYS_SEARCH_USER_PATHS = NO;
				CLANG_CXX_LANGUAGE_STANDARD = "gnu++0x";
				CLANG_CXX_LIBRARY = "libc++";
				CLANG_ENABLE_MODULES = YES;
				CLANG_ENABLE_OBJC_ARC = YES;
				CLANG_WARN_BOOL_CONVERSION = YES;
				CLANG_WARN_CONSTANT_CONVERSION = YES;
				CLANG_WARN_DIRECT_OBJC_ISA_USAGE = YES_ERROR;
				CLANG_WARN_EMPTY_BODY = YES;
				CLANG_WARN_ENUM_CONVERSION = YES;
				CLANG_WARN_INT_CONVERSION = YES;
				CLANG_WARN_OBJC_ROOT_CLASS = YES_ERROR;
				CLANG_WARN_UNREACHABLE_CODE = YES;
				CLANG_WARN__DUPLICATE_METHOD_MATCH = YES;
				"CODE_SIGN_IDENTITY[sdk=iphoneos*]" = "iPhone Developer";
				COPY_PHASE_STRIP = NO;
				DEBUG_INFORMATION_FORMAT = dwarf;
				ENABLE_STRICT_OBJC_MSGSEND = YES;
				ENABLE_TESTABILITY = YES;
				GCC_C_LANGUAGE_STANDARD = gnu99;
				GCC_DYNAMIC_NO_PIC = NO;
				GCC_NO_COMMON_BLOCKS = YES;
				GCC_OPTIMIZATION_LEVEL = 0;
				GCC_PREPROCESSOR_DEFINITIONS = (
					"DEBUG=1",
					"$(inherited)",
				);
				GCC_WARN_64_TO_32_BIT_CONVERSION = YES;
				GCC_WARN_ABOUT_RETURN_TYPE = YES_ERROR;
				GCC_WARN_UNDECLARED_SELECTOR = YES;
				GCC_WARN_UNINITIALIZED_AUTOS = YES_AGGRESSIVE;
				GCC_WARN_UNUSED_FUNCTION = YES;
				GCC_WARN_UNUSED_VARIABLE = YES;
				IPHONEOS_DEPLOYMENT_TARGET = 9.2;
				MTL_ENABLE_DEBUG_INFO = YES;
				ONLY_ACTIVE_ARCH = YES;
				SDKROOT = iphoneos;
				SWIFT_OPTIMIZATION_LEVEL = "-Onone";
			};
			name = Debug;
		};
		98BB166A1CC9035C00079DAB /* Release */ = {
			isa = XCBuildConfiguration;
			buildSettings = {
				ALWAYS_SEARCH_USER_PATHS = NO;
				CLANG_CXX_LANGUAGE_STANDARD = "gnu++0x";
				CLANG_CXX_LIBRARY = "libc++";
				CLANG_ENABLE_MODULES = YES;
				CLANG_ENABLE_OBJC_ARC = YES;
				CLANG_WARN_BOOL_CONVERSION = YES;
				CLANG_WARN_CONSTANT_CONVERSION = YES;
				CLANG_WARN_DIRECT_OBJC_ISA_USAGE = YES_ERROR;
				CLANG_WARN_EMPTY_BODY = YES;
				CLANG_WARN_ENUM_CONVERSION = YES;
				CLANG_WARN_INT_CONVERSION = YES;
				CLANG_WARN_OBJC_ROOT_CLASS = YES_ERROR;
				CLANG_WARN_UNREACHABLE_CODE = YES;
				CLANG_WARN__DUPLICATE_METHOD_MATCH = YES;
				"CODE_SIGN_IDENTITY[sdk=iphoneos*]" = "iPhone Developer";
				COPY_PHASE_STRIP = NO;
				DEBUG_INFORMATION_FORMAT = "dwarf-with-dsym";
				ENABLE_NS_ASSERTIONS = NO;
				ENABLE_STRICT_OBJC_MSGSEND = YES;
				GCC_C_LANGUAGE_STANDARD = gnu99;
				GCC_NO_COMMON_BLOCKS = YES;
				GCC_WARN_64_TO_32_BIT_CONVERSION = YES;
				GCC_WARN_ABOUT_RETURN_TYPE = YES_ERROR;
				GCC_WARN_UNDECLARED_SELECTOR = YES;
				GCC_WARN_UNINITIALIZED_AUTOS = YES_AGGRESSIVE;
				GCC_WARN_UNUSED_FUNCTION = YES;
				GCC_WARN_UNUSED_VARIABLE = YES;
				IPHONEOS_DEPLOYMENT_TARGET = 9.2;
				MTL_ENABLE_DEBUG_INFO = NO;
				SDKROOT = iphoneos;
				VALIDATE_PRODUCT = YES;
			};
			name = Release;
		};
		98BB166C1CC9035C00079DAB /* Debug */ = {
			isa = XCBuildConfiguration;
			buildSettings = {
				ASSETCATALOG_COMPILER_APPICON_NAME = AppIcon;
				INFOPLIST_FILE = SecondKadaiApp/Info.plist;
				LD_RUNPATH_SEARCH_PATHS = "$(inherited) @executable_path/Frameworks";
				PRODUCT_BUNDLE_IDENTIFIER = lp.techacademy.tomoko.kozawa.SecondKadaiApp;
				PRODUCT_NAME = "$(TARGET_NAME)";
			};
			name = Debug;
		};
		98BB166D1CC9035C00079DAB /* Release */ = {
			isa = XCBuildConfiguration;
			buildSettings = {
				ASSETCATALOG_COMPILER_APPICON_NAME = AppIcon;
				INFOPLIST_FILE = SecondKadaiApp/Info.plist;
				LD_RUNPATH_SEARCH_PATHS = "$(inherited) @executable_path/Frameworks";
				PRODUCT_BUNDLE_IDENTIFIER = lp.techacademy.tomoko.kozawa.SecondKadaiApp;
				PRODUCT_NAME = "$(TARGET_NAME)";
			};
			name = Release;
		};
/* End XCBuildConfiguration section */

/* Begin XCConfigurationList section */
		98BB16541CC9035C00079DAB /* Build configuration list for PBXProject "SecondKadaiApp" */ = {
			isa = XCConfigurationList;
			buildConfigurations = (
				98BB16691CC9035C00079DAB /* Debug */,
				98BB166A1CC9035C00079DAB /* Release */,
			);
			defaultConfigurationIsVisible = 0;
			defaultConfigurationName = Release;
		};
		98BB166B1CC9035C00079DAB /* Build configuration list for PBXNativeTarget "SecondKadaiApp" */ = {
			isa = XCConfigurationList;
			buildConfigurations = (
				98BB166C1CC9035C00079DAB /* Debug */,
				98BB166D1CC9035C00079DAB /* Release */,
			);
			defaultConfigurationIsVisible = 0;
		};
/* End XCConfigurationList section */
	};
	rootObject = 98BB16511CC9035C00079DAB /* Project object */;
}
